// !$*UTF8*$!
{
	archiveVersion = 1;
	classes = {
	};
	objectVersion = 56;
	objects = {

/* Begin PBXBuildFile section */
		751505802B33AF9400CCBCEF /* MovieService.swift in Sources */ = {isa = PBXBuildFile; fileRef = 7515057F2B33AF9400CCBCEF /* MovieService.swift */; };
		751505822B33BD0A00CCBCEF /* MovieModel.swift in Sources */ = {isa = PBXBuildFile; fileRef = 751505812B33BD0A00CCBCEF /* MovieModel.swift */; };
		751B6BE72B01A4CD008BDC5F /* AppDelegate.swift in Sources */ = {isa = PBXBuildFile; fileRef = 751B6BE62B01A4CD008BDC5F /* AppDelegate.swift */; };
		751B6BE92B01A4CD008BDC5F /* SceneDelegate.swift in Sources */ = {isa = PBXBuildFile; fileRef = 751B6BE82B01A4CD008BDC5F /* SceneDelegate.swift */; };
		751B6BEB2B01A4CD008BDC5F /* MainViewController.swift in Sources */ = {isa = PBXBuildFile; fileRef = 751B6BEA2B01A4CD008BDC5F /* MainViewController.swift */; };
		751B6BEE2B01A4CD008BDC5F /* Main.storyboard in Resources */ = {isa = PBXBuildFile; fileRef = 751B6BEC2B01A4CD008BDC5F /* Main.storyboard */; };
		751B6BF02B01A4CF008BDC5F /* Assets.xcassets in Resources */ = {isa = PBXBuildFile; fileRef = 751B6BEF2B01A4CF008BDC5F /* Assets.xcassets */; };
		751B6BF32B01A4CF008BDC5F /* LaunchScreen.storyboard in Resources */ = {isa = PBXBuildFile; fileRef = 751B6BF12B01A4CF008BDC5F /* LaunchScreen.storyboard */; };
		751B6C032B01A6E6008BDC5F /* User.swift in Sources */ = {isa = PBXBuildFile; fileRef = 751B6C022B01A6E6008BDC5F /* User.swift */; };
		751B6C062B01A76A008BDC5F /* LoginViewController.swift in Sources */ = {isa = PBXBuildFile; fileRef = 751B6C042B01A76A008BDC5F /* LoginViewController.swift */; };
		751B6C072B01A76A008BDC5F /* LoginViewController.xib in Resources */ = {isa = PBXBuildFile; fileRef = 751B6C052B01A76A008BDC5F /* LoginViewController.xib */; };
		751B6C0A2B01B0B2008BDC5F /* Helpers+Colors.swift in Sources */ = {isa = PBXBuildFile; fileRef = 751B6C092B01B0B2008BDC5F /* Helpers+Colors.swift */; };
		751B6C0C2B01B0D2008BDC5F /* Helpers+TextFields.swift in Sources */ = {isa = PBXBuildFile; fileRef = 751B6C0B2B01B0D2008BDC5F /* Helpers+TextFields.swift */; };
		751B6C132B01B319008BDC5F /* SignUpViewController.swift in Sources */ = {isa = PBXBuildFile; fileRef = 751B6C112B01B319008BDC5F /* SignUpViewController.swift */; };
		751B6C142B01B319008BDC5F /* SignUpViewController.xib in Resources */ = {isa = PBXBuildFile; fileRef = 751B6C122B01B319008BDC5F /* SignUpViewController.xib */; };
		75F11E762B2FCEEE003906DC /* MovieTableViewController.swift in Sources */ = {isa = PBXBuildFile; fileRef = 75F11E742B2FCEEE003906DC /* MovieTableViewController.swift */; };
		75F11E772B2FCEEE003906DC /* MovieTableViewController.xib in Resources */ = {isa = PBXBuildFile; fileRef = 75F11E752B2FCEEE003906DC /* MovieTableViewController.xib */; };
		75F11E7E2B2FD0BA003906DC /* MovieTableViewCell.swift in Sources */ = {isa = PBXBuildFile; fileRef = 75F11E7C2B2FD0BA003906DC /* MovieTableViewCell.swift */; };
		75F11E7F2B2FD0BA003906DC /* MovieTableViewCell.xib in Resources */ = {isa = PBXBuildFile; fileRef = 75F11E7D2B2FD0BA003906DC /* MovieTableViewCell.xib */; };
		75F782C62B1D5621002EA0F5 /* ClientDefaults.swift in Sources */ = {isa = PBXBuildFile; fileRef = 75F782C52B1D5621002EA0F5 /* ClientDefaults.swift */; };
		75F8EE7C2B0AE69C00E3BCF1 /* APIClient.swift in Sources */ = {isa = PBXBuildFile; fileRef = 75F8EE7B2B0AE69C00E3BCF1 /* APIClient.swift */; };
		75F8EE7E2B0AEF1B00E3BCF1 /* Helpers+Dictionary.swift in Sources */ = {isa = PBXBuildFile; fileRef = 75F8EE7D2B0AEF1B00E3BCF1 /* Helpers+Dictionary.swift */; };
		75F8EE812B0AF36B00E3BCF1 /* LogInService.swift in Sources */ = {isa = PBXBuildFile; fileRef = 75F8EE802B0AF36B00E3BCF1 /* LogInService.swift */; };
/* End PBXBuildFile section */

/* Begin PBXFileReference section */
		7515057F2B33AF9400CCBCEF /* MovieService.swift */ = {isa = PBXFileReference; lastKnownFileType = sourcecode.swift; path = MovieService.swift; sourceTree = "<group>"; };
		751505812B33BD0A00CCBCEF /* MovieModel.swift */ = {isa = PBXFileReference; lastKnownFileType = sourcecode.swift; path = MovieModel.swift; sourceTree = "<group>"; };
		751B6BE32B01A4CD008BDC5F /* MymovieApp.app */ = {isa = PBXFileReference; explicitFileType = wrapper.application; includeInIndex = 0; path = MymovieApp.app; sourceTree = BUILT_PRODUCTS_DIR; };
		751B6BE62B01A4CD008BDC5F /* AppDelegate.swift */ = {isa = PBXFileReference; lastKnownFileType = sourcecode.swift; path = AppDelegate.swift; sourceTree = "<group>"; };
		751B6BE82B01A4CD008BDC5F /* SceneDelegate.swift */ = {isa = PBXFileReference; lastKnownFileType = sourcecode.swift; path = SceneDelegate.swift; sourceTree = "<group>"; };
		751B6BEA2B01A4CD008BDC5F /* MainViewController.swift */ = {isa = PBXFileReference; lastKnownFileType = sourcecode.swift; path = MainViewController.swift; sourceTree = "<group>"; };
		751B6BED2B01A4CD008BDC5F /* Base */ = {isa = PBXFileReference; lastKnownFileType = file.storyboard; name = Base; path = Base.lproj/Main.storyboard; sourceTree = "<group>"; };
		751B6BEF2B01A4CF008BDC5F /* Assets.xcassets */ = {isa = PBXFileReference; lastKnownFileType = folder.assetcatalog; path = Assets.xcassets; sourceTree = "<group>"; };
		751B6BF22B01A4CF008BDC5F /* Base */ = {isa = PBXFileReference; lastKnownFileType = file.storyboard; name = Base; path = Base.lproj/LaunchScreen.storyboard; sourceTree = "<group>"; };
		751B6BF42B01A4CF008BDC5F /* Info.plist */ = {isa = PBXFileReference; lastKnownFileType = text.plist.xml; path = Info.plist; sourceTree = "<group>"; };
		751B6C022B01A6E6008BDC5F /* User.swift */ = {isa = PBXFileReference; lastKnownFileType = sourcecode.swift; path = User.swift; sourceTree = "<group>"; };
		751B6C042B01A76A008BDC5F /* LoginViewController.swift */ = {isa = PBXFileReference; lastKnownFileType = sourcecode.swift; path = LoginViewController.swift; sourceTree = "<group>"; };
		751B6C052B01A76A008BDC5F /* LoginViewController.xib */ = {isa = PBXFileReference; lastKnownFileType = file.xib; path = LoginViewController.xib; sourceTree = "<group>"; };
		751B6C092B01B0B2008BDC5F /* Helpers+Colors.swift */ = {isa = PBXFileReference; lastKnownFileType = sourcecode.swift; path = "Helpers+Colors.swift"; sourceTree = "<group>"; };
		751B6C0B2B01B0D2008BDC5F /* Helpers+TextFields.swift */ = {isa = PBXFileReference; lastKnownFileType = sourcecode.swift; path = "Helpers+TextFields.swift"; sourceTree = "<group>"; };
		751B6C112B01B319008BDC5F /* SignUpViewController.swift */ = {isa = PBXFileReference; lastKnownFileType = sourcecode.swift; path = SignUpViewController.swift; sourceTree = "<group>"; };
		751B6C122B01B319008BDC5F /* SignUpViewController.xib */ = {isa = PBXFileReference; lastKnownFileType = file.xib; path = SignUpViewController.xib; sourceTree = "<group>"; };
		75F11E742B2FCEEE003906DC /* MovieTableViewController.swift */ = {isa = PBXFileReference; lastKnownFileType = sourcecode.swift; path = MovieTableViewController.swift; sourceTree = "<group>"; };
		75F11E752B2FCEEE003906DC /* MovieTableViewController.xib */ = {isa = PBXFileReference; lastKnownFileType = file.xib; path = MovieTableViewController.xib; sourceTree = "<group>"; };
		75F11E7C2B2FD0BA003906DC /* MovieTableViewCell.swift */ = {isa = PBXFileReference; lastKnownFileType = sourcecode.swift; path = MovieTableViewCell.swift; sourceTree = "<group>"; };
		75F11E7D2B2FD0BA003906DC /* MovieTableViewCell.xib */ = {isa = PBXFileReference; lastKnownFileType = file.xib; path = MovieTableViewCell.xib; sourceTree = "<group>"; };
		75F782C52B1D5621002EA0F5 /* ClientDefaults.swift */ = {isa = PBXFileReference; lastKnownFileType = sourcecode.swift; path = ClientDefaults.swift; sourceTree = "<group>"; };
		75F8EE7B2B0AE69C00E3BCF1 /* APIClient.swift */ = {isa = PBXFileReference; lastKnownFileType = sourcecode.swift; path = APIClient.swift; sourceTree = "<group>"; };
		75F8EE7D2B0AEF1B00E3BCF1 /* Helpers+Dictionary.swift */ = {isa = PBXFileReference; lastKnownFileType = sourcecode.swift; path = "Helpers+Dictionary.swift"; sourceTree = "<group>"; };
		75F8EE802B0AF36B00E3BCF1 /* LogInService.swift */ = {isa = PBXFileReference; lastKnownFileType = sourcecode.swift; path = LogInService.swift; sourceTree = "<group>"; };
/* End PBXFileReference section */

/* Begin PBXFrameworksBuildPhase section */
		751B6BE02B01A4CD008BDC5F /* Frameworks */ = {
			isa = PBXFrameworksBuildPhase;
			buildActionMask = 2147483647;
			files = (
			);
			runOnlyForDeploymentPostprocessing = 0;
		};
/* End PBXFrameworksBuildPhase section */

/* Begin PBXGroup section */
		7515057A2B33AC5300CCBCEF /* MovieCell */ = {
			isa = PBXGroup;
			children = (
				7515057E2B33AF8400CCBCEF /* Services */,
				7515057D2B33AC7700CCBCEF /* View */,
				7515057C2B33AC6E00CCBCEF /* Controller */,
				7515057B2B33AC6300CCBCEF /* Model */,
			);
			path = MovieCell;
			sourceTree = "<group>";
		};
		7515057B2B33AC6300CCBCEF /* Model */ = {
			isa = PBXGroup;
			children = (
				751505812B33BD0A00CCBCEF /* MovieModel.swift */,
			);
			path = Model;
			sourceTree = "<group>";
		};
		7515057C2B33AC6E00CCBCEF /* Controller */ = {
			isa = PBXGroup;
			children = (
				75F11E7C2B2FD0BA003906DC /* MovieTableViewCell.swift */,
			);
			path = Controller;
			sourceTree = "<group>";
		};
		7515057D2B33AC7700CCBCEF /* View */ = {
			isa = PBXGroup;
			children = (
				75F11E7D2B2FD0BA003906DC /* MovieTableViewCell.xib */,
			);
			path = View;
			sourceTree = "<group>";
		};
		7515057E2B33AF8400CCBCEF /* Services */ = {
			isa = PBXGroup;
			children = (
				7515057F2B33AF9400CCBCEF /* MovieService.swift */,
			);
			path = Services;
			sourceTree = "<group>";
		};
		751B6BDA2B01A4CD008BDC5F = {
			isa = PBXGroup;
			children = (
				751B6BE52B01A4CD008BDC5F /* MymovieApp */,
				751B6BE42B01A4CD008BDC5F /* Products */,
			);
			sourceTree = "<group>";
		};
		751B6BE42B01A4CD008BDC5F /* Products */ = {
			isa = PBXGroup;
			children = (
				751B6BE32B01A4CD008BDC5F /* MymovieApp.app */,
			);
			name = Products;
			sourceTree = "<group>";
		};
		751B6BE52B01A4CD008BDC5F /* MymovieApp */ = {
			isa = PBXGroup;
			children = (
				75F782C42B1D5600002EA0F5 /* Persitences */,
				75F8EE792B0AE67B00E3BCF1 /* APIClient */,
				751B6C082B01B09B008BDC5F /* Helpers */,
				751B6BFB2B01A5FD008BDC5F /* Base */,
				751B6BFA2B01A5E7008BDC5F /* Features */,
			);
			path = MymovieApp;
			sourceTree = "<group>";
		};
		751B6BFA2B01A5E7008BDC5F /* Features */ = {
			isa = PBXGroup;
			children = (
				7515057A2B33AC5300CCBCEF /* MovieCell */,
				75F11E782B2FCF03003906DC /* MovieTable */,
				751B6C0D2B01B2FA008BDC5F /* Signup */,
				751B6BFC2B01A616008BDC5F /* Login */,
			);
			path = Features;
			sourceTree = "<group>";
		};
		751B6BFB2B01A5FD008BDC5F /* Base */ = {
			isa = PBXGroup;
			children = (
				751B6BE62B01A4CD008BDC5F /* AppDelegate.swift */,
				751B6BE82B01A4CD008BDC5F /* SceneDelegate.swift */,
				751B6BEA2B01A4CD008BDC5F /* MainViewController.swift */,
				751B6BEC2B01A4CD008BDC5F /* Main.storyboard */,
				751B6BEF2B01A4CF008BDC5F /* Assets.xcassets */,
				751B6BF12B01A4CF008BDC5F /* LaunchScreen.storyboard */,
				751B6BF42B01A4CF008BDC5F /* Info.plist */,
			);
			path = Base;
			sourceTree = "<group>";
		};
		751B6BFC2B01A616008BDC5F /* Login */ = {
			isa = PBXGroup;
			children = (
				75F8EE7F2B0AF35E00E3BCF1 /* Services */,
				751B6BFF2B01A67B008BDC5F /* Models */,
				751B6BFE2B01A677008BDC5F /* Views */,
				751B6BFD2B01A671008BDC5F /* Controllers */,
			);
			path = Login;
			sourceTree = "<group>";
		};
		751B6BFD2B01A671008BDC5F /* Controllers */ = {
			isa = PBXGroup;
			children = (
				751B6C042B01A76A008BDC5F /* LoginViewController.swift */,
			);
			path = Controllers;
			sourceTree = "<group>";
		};
		751B6BFE2B01A677008BDC5F /* Views */ = {
			isa = PBXGroup;
			children = (
				751B6C052B01A76A008BDC5F /* LoginViewController.xib */,
			);
			path = Views;
			sourceTree = "<group>";
		};
		751B6BFF2B01A67B008BDC5F /* Models */ = {
			isa = PBXGroup;
			children = (
				751B6C022B01A6E6008BDC5F /* User.swift */,
			);
			path = Models;
			sourceTree = "<group>";
		};
		751B6C082B01B09B008BDC5F /* Helpers */ = {
			isa = PBXGroup;
			children = (
				751B6C092B01B0B2008BDC5F /* Helpers+Colors.swift */,
				751B6C0B2B01B0D2008BDC5F /* Helpers+TextFields.swift */,
				75F8EE7D2B0AEF1B00E3BCF1 /* Helpers+Dictionary.swift */,
			);
			path = Helpers;
			sourceTree = "<group>";
		};
		751B6C0D2B01B2FA008BDC5F /* Signup */ = {
			isa = PBXGroup;
			children = (
				751B6C102B01B30B008BDC5F /* Model */,
				751B6C0F2B01B306008BDC5F /* View */,
				751B6C0E2B01B2FF008BDC5F /* Controllers */,
			);
			path = Signup;
			sourceTree = "<group>";
		};
		751B6C0E2B01B2FF008BDC5F /* Controllers */ = {
			isa = PBXGroup;
			children = (
				751B6C112B01B319008BDC5F /* SignUpViewController.swift */,
			);
			path = Controllers;
			sourceTree = "<group>";
		};
		751B6C0F2B01B306008BDC5F /* View */ = {
			isa = PBXGroup;
			children = (
				751B6C122B01B319008BDC5F /* SignUpViewController.xib */,
			);
			path = View;
			sourceTree = "<group>";
		};
		751B6C102B01B30B008BDC5F /* Model */ = {
			isa = PBXGroup;
			children = (
			);
			path = Model;
			sourceTree = "<group>";
		};
		75F11E782B2FCF03003906DC /* MovieTable */ = {
			isa = PBXGroup;
			children = (
				75F11E792B2FCF80003906DC /* Model */,
				75F11E7B2B2FCF8D003906DC /* View */,
				75F11E7A2B2FCF86003906DC /* Controller */,
			);
			path = MovieTable;
			sourceTree = "<group>";
		};
		75F11E792B2FCF80003906DC /* Model */ = {
			isa = PBXGroup;
			children = (
			);
			path = Model;
			sourceTree = "<group>";
		};
		75F11E7A2B2FCF86003906DC /* Controller */ = {
			isa = PBXGroup;
			children = (
				75F11E742B2FCEEE003906DC /* MovieTableViewController.swift */,
			);
			path = Controller;
			sourceTree = "<group>";
		};
		75F11E7B2B2FCF8D003906DC /* View */ = {
			isa = PBXGroup;
			children = (
				75F11E752B2FCEEE003906DC /* MovieTableViewController.xib */,
			);
			path = View;
			sourceTree = "<group>";
		};
		75F782C42B1D5600002EA0F5 /* Persitences */ = {
			isa = PBXGroup;
			children = (
				75F782C52B1D5621002EA0F5 /* ClientDefaults.swift */,
			);
			path = Persitences;
			sourceTree = "<group>";
		};
		75F8EE792B0AE67B00E3BCF1 /* APIClient */ = {
			isa = PBXGroup;
			children = (
				75F8EE7B2B0AE69C00E3BCF1 /* APIClient.swift */,
			);
			path = APIClient;
			sourceTree = "<group>";
		};
		75F8EE7F2B0AF35E00E3BCF1 /* Services */ = {
			isa = PBXGroup;
			children = (
				75F8EE802B0AF36B00E3BCF1 /* LogInService.swift */,
			);
			path = Services;
			sourceTree = "<group>";
		};
/* End PBXGroup section */

/* Begin PBXNativeTarget section */
		751B6BE22B01A4CD008BDC5F /* MymovieApp */ = {
			isa = PBXNativeTarget;
			buildConfigurationList = 751B6BF72B01A4CF008BDC5F /* Build configuration list for PBXNativeTarget "MymovieApp" */;
			buildPhases = (
				751B6BDF2B01A4CD008BDC5F /* Sources */,
				751B6BE02B01A4CD008BDC5F /* Frameworks */,
				751B6BE12B01A4CD008BDC5F /* Resources */,
			);
			buildRules = (
			);
			dependencies = (
			);
			name = MymovieApp;
			productName = MymovieApp;
			productReference = 751B6BE32B01A4CD008BDC5F /* MymovieApp.app */;
			productType = "com.apple.product-type.application";
		};
/* End PBXNativeTarget section */

/* Begin PBXProject section */
		751B6BDB2B01A4CD008BDC5F /* Project object */ = {
			isa = PBXProject;
			attributes = {
				BuildIndependentTargetsInParallel = 1;
				LastSwiftUpdateCheck = 1500;
				LastUpgradeCheck = 1500;
				TargetAttributes = {
					751B6BE22B01A4CD008BDC5F = {
						CreatedOnToolsVersion = 15.0.1;
					};
				};
			};
			buildConfigurationList = 751B6BDE2B01A4CD008BDC5F /* Build configuration list for PBXProject "MymovieApp" */;
			compatibilityVersion = "Xcode 14.0";
			developmentRegion = en;
			hasScannedForEncodings = 0;
			knownRegions = (
				en,
				Base,
			);
			mainGroup = 751B6BDA2B01A4CD008BDC5F;
			productRefGroup = 751B6BE42B01A4CD008BDC5F /* Products */;
			projectDirPath = "";
			projectRoot = "";
			targets = (
				751B6BE22B01A4CD008BDC5F /* MymovieApp */,
			);
		};
/* End PBXProject section */

/* Begin PBXResourcesBuildPhase section */
		751B6BE12B01A4CD008BDC5F /* Resources */ = {
			isa = PBXResourcesBuildPhase;
			buildActionMask = 2147483647;
			files = (
				751B6C142B01B319008BDC5F /* SignUpViewController.xib in Resources */,
				75F11E7F2B2FD0BA003906DC /* MovieTableViewCell.xib in Resources */,
				751B6C072B01A76A008BDC5F /* LoginViewController.xib in Resources */,
				751B6BF32B01A4CF008BDC5F /* LaunchScreen.storyboard in Resources */,
				751B6BF02B01A4CF008BDC5F /* Assets.xcassets in Resources */,
				75F11E772B2FCEEE003906DC /* MovieTableViewController.xib in Resources */,
				751B6BEE2B01A4CD008BDC5F /* Main.storyboard in Resources */,
			);
			runOnlyForDeploymentPostprocessing = 0;
		};
/* End PBXResourcesBuildPhase section */

/* Begin PBXSourcesBuildPhase section */
		751B6BDF2B01A4CD008BDC5F /* Sources */ = {
			isa = PBXSourcesBuildPhase;
			buildActionMask = 2147483647;
			files = (
				751B6C032B01A6E6008BDC5F /* User.swift in Sources */,
				751B6BEB2B01A4CD008BDC5F /* MainViewController.swift in Sources */,
				75F11E7E2B2FD0BA003906DC /* MovieTableViewCell.swift in Sources */,
				75F8EE7C2B0AE69C00E3BCF1 /* APIClient.swift in Sources */,
				751B6C132B01B319008BDC5F /* SignUpViewController.swift in Sources */,
				751B6BE72B01A4CD008BDC5F /* AppDelegate.swift in Sources */,
				751B6C062B01A76A008BDC5F /* LoginViewController.swift in Sources */,
				751B6C0C2B01B0D2008BDC5F /* Helpers+TextFields.swift in Sources */,
				751B6BE92B01A4CD008BDC5F /* SceneDelegate.swift in Sources */,
				751505802B33AF9400CCBCEF /* MovieService.swift in Sources */,
				75F11E762B2FCEEE003906DC /* MovieTableViewController.swift in Sources */,
				75F8EE812B0AF36B00E3BCF1 /* LogInService.swift in Sources */,
				751505822B33BD0A00CCBCEF /* MovieModel.swift in Sources */,
				751B6C0A2B01B0B2008BDC5F /* Helpers+Colors.swift in Sources */,
				75F782C62B1D5621002EA0F5 /* ClientDefaults.swift in Sources */,
				75F8EE7E2B0AEF1B00E3BCF1 /* Helpers+Dictionary.swift in Sources */,
			);
			runOnlyForDeploymentPostprocessing = 0;
		};
/* End PBXSourcesBuildPhase section */

/* Begin PBXVariantGroup section */
		751B6BEC2B01A4CD008BDC5F /* Main.storyboard */ = {
			isa = PBXVariantGroup;
			children = (
				751B6BED2B01A4CD008BDC5F /* Base */,
			);
			name = Main.storyboard;
			sourceTree = "<group>";
		};
		751B6BF12B01A4CF008BDC5F /* LaunchScreen.storyboard */ = {
			isa = PBXVariantGroup;
			children = (
				751B6BF22B01A4CF008BDC5F /* Base */,
			);
			name = LaunchScreen.storyboard;
			sourceTree = "<group>";
		};
/* End PBXVariantGroup section */

/* Begin XCBuildConfiguration section */
		751B6BF52B01A4CF008BDC5F /* Debug */ = {
			isa = XCBuildConfiguration;
			buildSettings = {
				ALWAYS_SEARCH_USER_PATHS = NO;
				ASSETCATALOG_COMPILER_GENERATE_SWIFT_ASSET_SYMBOL_EXTENSIONS = YES;
				CLANG_ANALYZER_NONNULL = YES;
				CLANG_ANALYZER_NUMBER_OBJECT_CONVERSION = YES_AGGRESSIVE;
				CLANG_CXX_LANGUAGE_STANDARD = "gnu++20";
				CLANG_ENABLE_MODULES = YES;
				CLANG_ENABLE_OBJC_ARC = YES;
				CLANG_ENABLE_OBJC_WEAK = YES;
				CLANG_WARN_BLOCK_CAPTURE_AUTORELEASING = YES;
				CLANG_WARN_BOOL_CONVERSION = YES;
				CLANG_WARN_COMMA = YES;
				CLANG_WARN_CONSTANT_CONVERSION = YES;
				CLANG_WARN_DEPRECATED_OBJC_IMPLEMENTATIONS = YES;
				CLANG_WARN_DIRECT_OBJC_ISA_USAGE = YES_ERROR;
				CLANG_WARN_DOCUMENTATION_COMMENTS = YES;
				CLANG_WARN_EMPTY_BODY = YES;
				CLANG_WARN_ENUM_CONVERSION = YES;
				CLANG_WARN_INFINITE_RECURSION = YES;
				CLANG_WARN_INT_CONVERSION = YES;
				CLANG_WARN_NON_LITERAL_NULL_CONVERSION = YES;
				CLANG_WARN_OBJC_IMPLICIT_RETAIN_SELF = YES;
				CLANG_WARN_OBJC_LITERAL_CONVERSION = YES;
				CLANG_WARN_OBJC_ROOT_CLASS = YES_ERROR;
				CLANG_WARN_QUOTED_INCLUDE_IN_FRAMEWORK_HEADER = YES;
				CLANG_WARN_RANGE_LOOP_ANALYSIS = YES;
				CLANG_WARN_STRICT_PROTOTYPES = YES;
				CLANG_WARN_SUSPICIOUS_MOVE = YES;
				CLANG_WARN_UNGUARDED_AVAILABILITY = YES_AGGRESSIVE;
				CLANG_WARN_UNREACHABLE_CODE = YES;
				CLANG_WARN__DUPLICATE_METHOD_MATCH = YES;
				COPY_PHASE_STRIP = NO;
				DEBUG_INFORMATION_FORMAT = dwarf;
				ENABLE_STRICT_OBJC_MSGSEND = YES;
				ENABLE_TESTABILITY = YES;
				ENABLE_USER_SCRIPT_SANDBOXING = YES;
				GCC_C_LANGUAGE_STANDARD = gnu17;
				GCC_DYNAMIC_NO_PIC = NO;
				GCC_NO_COMMON_BLOCKS = YES;
				GCC_OPTIMIZATION_LEVEL = 0;
				GCC_PREPROCESSOR_DEFINITIONS = (
					"DEBUG=1",
					"$(inherited)",
				);
				GCC_WARN_64_TO_32_BIT_CONVERSION = YES;
				GCC_WARN_ABOUT_RETURN_TYPE = YES_ERROR;
				GCC_WARN_UNDECLARED_SELECTOR = YES;
				GCC_WARN_UNINITIALIZED_AUTOS = YES_AGGRESSIVE;
				GCC_WARN_UNUSED_FUNCTION = YES;
				GCC_WARN_UNUSED_VARIABLE = YES;
				IPHONEOS_DEPLOYMENT_TARGET = 17.0;
				LOCALIZATION_PREFERS_STRING_CATALOGS = YES;
				MTL_ENABLE_DEBUG_INFO = INCLUDE_SOURCE;
				MTL_FAST_MATH = YES;
				ONLY_ACTIVE_ARCH = YES;
				SDKROOT = iphoneos;
				SWIFT_ACTIVE_COMPILATION_CONDITIONS = "DEBUG $(inherited)";
				SWIFT_OPTIMIZATION_LEVEL = "-Onone";
			};
			name = Debug;
		};
		751B6BF62B01A4CF008BDC5F /* Release */ = {
			isa = XCBuildConfiguration;
			buildSettings = {
				ALWAYS_SEARCH_USER_PATHS = NO;
				ASSETCATALOG_COMPILER_GENERATE_SWIFT_ASSET_SYMBOL_EXTENSIONS = YES;
				CLANG_ANALYZER_NONNULL = YES;
				CLANG_ANALYZER_NUMBER_OBJECT_CONVERSION = YES_AGGRESSIVE;
				CLANG_CXX_LANGUAGE_STANDARD = "gnu++20";
				CLANG_ENABLE_MODULES = YES;
				CLANG_ENABLE_OBJC_ARC = YES;
				CLANG_ENABLE_OBJC_WEAK = YES;
				CLANG_WARN_BLOCK_CAPTURE_AUTORELEASING = YES;
				CLANG_WARN_BOOL_CONVERSION = YES;
				CLANG_WARN_COMMA = YES;
				CLANG_WARN_CONSTANT_CONVERSION = YES;
				CLANG_WARN_DEPRECATED_OBJC_IMPLEMENTATIONS = YES;
				CLANG_WARN_DIRECT_OBJC_ISA_USAGE = YES_ERROR;
				CLANG_WARN_DOCUMENTATION_COMMENTS = YES;
				CLANG_WARN_EMPTY_BODY = YES;
				CLANG_WARN_ENUM_CONVERSION = YES;
				CLANG_WARN_INFINITE_RECURSION = YES;
				CLANG_WARN_INT_CONVERSION = YES;
				CLANG_WARN_NON_LITERAL_NULL_CONVERSION = YES;
				CLANG_WARN_OBJC_IMPLICIT_RETAIN_SELF = YES;
				CLANG_WARN_OBJC_LITERAL_CONVERSION = YES;
				CLANG_WARN_OBJC_ROOT_CLASS = YES_ERROR;
				CLANG_WARN_QUOTED_INCLUDE_IN_FRAMEWORK_HEADER = YES;
				CLANG_WARN_RANGE_LOOP_ANALYSIS = YES;
				CLANG_WARN_STRICT_PROTOTYPES = YES;
				CLANG_WARN_SUSPICIOUS_MOVE = YES;
				CLANG_WARN_UNGUARDED_AVAILABILITY = YES_AGGRESSIVE;
				CLANG_WARN_UNREACHABLE_CODE = YES;
				CLANG_WARN__DUPLICATE_METHOD_MATCH = YES;
				COPY_PHASE_STRIP = NO;
				DEBUG_INFORMATION_FORMAT = "dwarf-with-dsym";
				ENABLE_NS_ASSERTIONS = NO;
				ENABLE_STRICT_OBJC_MSGSEND = YES;
				ENABLE_USER_SCRIPT_SANDBOXING = YES;
				GCC_C_LANGUAGE_STANDARD = gnu17;
				GCC_NO_COMMON_BLOCKS = YES;
				GCC_WARN_64_TO_32_BIT_CONVERSION = YES;
				GCC_WARN_ABOUT_RETURN_TYPE = YES_ERROR;
				GCC_WARN_UNDECLARED_SELECTOR = YES;
				GCC_WARN_UNINITIALIZED_AUTOS = YES_AGGRESSIVE;
				GCC_WARN_UNUSED_FUNCTION = YES;
				GCC_WARN_UNUSED_VARIABLE = YES;
				IPHONEOS_DEPLOYMENT_TARGET = 17.0;
				LOCALIZATION_PREFERS_STRING_CATALOGS = YES;
				MTL_ENABLE_DEBUG_INFO = NO;
				MTL_FAST_MATH = YES;
				SDKROOT = iphoneos;
				SWIFT_COMPILATION_MODE = wholemodule;
				VALIDATE_PRODUCT = YES;
			};
			name = Release;
		};
		751B6BF82B01A4CF008BDC5F /* Debug */ = {
			isa = XCBuildConfiguration;
			buildSettings = {
				ASSETCATALOG_COMPILER_APPICON_NAME = AppIcon;
				ASSETCATALOG_COMPILER_GLOBAL_ACCENT_COLOR_NAME = AccentColor;
				CODE_SIGN_STYLE = Automatic;
				CURRENT_PROJECT_VERSION = 1;
				DEVELOPMENT_TEAM = 8ZK8JYJ2NJ;
				GENERATE_INFOPLIST_FILE = YES;
				INFOPLIST_FILE = MymovieApp/Base/Info.plist;
				INFOPLIST_KEY_UIApplicationSupportsIndirectInputEvents = YES;
				INFOPLIST_KEY_UILaunchStoryboardName = LaunchScreen;
				INFOPLIST_KEY_UIMainStoryboardFile = Main;
				INFOPLIST_KEY_UISupportedInterfaceOrientations_iPad = "UIInterfaceOrientationPortrait UIInterfaceOrientationPortraitUpsideDown UIInterfaceOrientationLandscapeLeft UIInterfaceOrientationLandscapeRight";
				INFOPLIST_KEY_UISupportedInterfaceOrientations_iPhone = "UIInterfaceOrientationPortrait UIInterfaceOrientationLandscapeLeft UIInterfaceOrientationLandscapeRight";
				LD_RUNPATH_SEARCH_PATHS = (
					"$(inherited)",
					"@executable_path/Frameworks",
				);
				MARKETING_VERSION = 1.0;
				PRODUCT_BUNDLE_IDENTIFIER = com.katya.MymovieApp;
				PRODUCT_NAME = "$(TARGET_NAME)";
				SWIFT_EMIT_LOC_STRINGS = YES;
				SWIFT_VERSION = 5.0;
				TARGETED_DEVICE_FAMILY = "1,2";
			};
			name = Debug;
		};
		751B6BF92B01A4CF008BDC5F /* Release */ = {
			isa = XCBuildConfiguration;
			buildSettings = {
				ASSETCATALOG_COMPILER_APPICON_NAME = AppIcon;
				ASSETCATALOG_COMPILER_GLOBAL_ACCENT_COLOR_NAME = AccentColor;
				CODE_SIGN_STYLE = Automatic;
				CURRENT_PROJECT_VERSION = 1;
				DEVELOPMENT_TEAM = 8ZK8JYJ2NJ;
				GENERATE_INFOPLIST_FILE = YES;
				INFOPLIST_FILE = MymovieApp/Base/Info.plist;
				INFOPLIST_KEY_UIApplicationSupportsIndirectInputEvents = YES;
				INFOPLIST_KEY_UILaunchStoryboardName = LaunchScreen;
				INFOPLIST_KEY_UIMainStoryboardFile = Main;
				INFOPLIST_KEY_UISupportedInterfaceOrientations_iPad = "UIInterfaceOrientationPortrait UIInterfaceOrientationPortraitUpsideDown UIInterfaceOrientationLandscapeLeft UIInterfaceOrientationLandscapeRight";
				INFOPLIST_KEY_UISupportedInterfaceOrientations_iPhone = "UIInterfaceOrientationPortrait UIInterfaceOrientationLandscapeLeft UIInterfaceOrientationLandscapeRight";
				LD_RUNPATH_SEARCH_PATHS = (
					"$(inherited)",
					"@executable_path/Frameworks",
				);
				MARKETING_VERSION = 1.0;
				PRODUCT_BUNDLE_IDENTIFIER = com.katya.MymovieApp;
				PRODUCT_NAME = "$(TARGET_NAME)";
				SWIFT_EMIT_LOC_STRINGS = YES;
				SWIFT_VERSION = 5.0;
				TARGETED_DEVICE_FAMILY = "1,2";
			};
			name = Release;
		};
/* End XCBuildConfiguration section */

/* Begin XCConfigurationList section */
		751B6BDE2B01A4CD008BDC5F /* Build configuration list for PBXProject "MymovieApp" */ = {
			isa = XCConfigurationList;
			buildConfigurations = (
				751B6BF52B01A4CF008BDC5F /* Debug */,
				751B6BF62B01A4CF008BDC5F /* Release */,
			);
			defaultConfigurationIsVisible = 0;
			defaultConfigurationName = Release;
		};
		751B6BF72B01A4CF008BDC5F /* Build configuration list for PBXNativeTarget "MymovieApp" */ = {
			isa = XCConfigurationList;
			buildConfigurations = (
				751B6BF82B01A4CF008BDC5F /* Debug */,
				751B6BF92B01A4CF008BDC5F /* Release */,
			);
			defaultConfigurationIsVisible = 0;
			defaultConfigurationName = Release;
		};
/* End XCConfigurationList section */
	};
	rootObject = 751B6BDB2B01A4CD008BDC5F /* Project object */;
}
